
Microsoft Visual Studio Solution File, Format Version 12.00
# Visual Studio Version 17
VisualStudioVersion = 17.2.32526.322
MinimumVisualStudioVersion = 10.0.40219.1
Project("{FAE04EC0-301F-11D3-BF4B-00C04F79EFBC}") = "University11giron", "University11giron\University11giron.csproj", "{84C3097A-AC67-40CE-B732-D59DC5F16DD6}"
EndProject
Global
	GlobalSection(SolutionConfigurationPlatforms) = preSolution
		Debug|Any CPU = Debug|Any CPU
		Release|Any CPU = Release|Any CPU
	EndGlobalSection
	GlobalSection(ProjectConfigurationPlatforms) = postSolution
		{84C3097A-AC67-40CE-B732-D59DC5F16DD6}.Debug|Any CPU.ActiveCfg = Debug|Any CPU
		{84C3097A-AC67-40CE-B732-D59DC5F16DD6}.Debug|Any CPU.Build.0 = Debug|Any CPU
		{84C3097A-AC67-40CE-B732-D59DC5F16DD6}.Release|Any CPU.ActiveCfg = Release|Any CPU
		{84C3097A-AC67-40CE-B732-D59DC5F16DD6}.Release|Any CPU.Build.0 = Release|Any CPU
	EndGlobalSection
	GlobalSection(SolutionProperties) = preSolution
		HideSolutionNode = FALSE
	EndGlobalSection
	GlobalSection(ExtensibilityGlobals) = postSolution
		SolutionGuid = {2855EF26-0EB7-4190-BC23-10784F36C0F2}
	EndGlobalSection
EndGlobal
